
Microsoft Visual Studio Solution File, Format Version 12.00
# Visual Studio 15
VisualStudioVersion = 15.0.26124.0
MinimumVisualStudioVersion = 15.0.26124.0
Project("{2150E333-8FDC-42A3-9474-1A3956D46DE8}") = "BuildingBlocks", "BuildingBlocks", "{864DE814-5853-45F8-89D6-BAE641724874}"
EndProject
Project("{FAE04EC0-301F-11D3-BF4B-00C04F79EFBC}") = "NucleoCompartilhado", "BuildingBlocks\NucleoCompartilhado\NucleoCompartilhado.csproj", "{A96B2D15-E93F-4FE1-AE40-8F33137D01C2}"
EndProject
Project("{2150E333-8FDC-42A3-9474-1A3956D46DE8}") = "Servicos", "Servicos", "{8BE2D10B-B2F7-42D7-A911-C21E57A7C21E}"
EndProject
Project("{FAE04EC0-301F-11D3-BF4B-00C04F79EFBC}") = "Tarefas", "Servicos\Tarefas\Tarefas.csproj", "{AE2FABD2-A817-4A44-86DB-1BAE9DA3F2D6}"
EndProject
Project("{FAE04EC0-301F-11D3-BF4B-00C04F79EFBC}") = "Usuarios", "Servicos\Usuarios\Usuarios.csproj", "{A36C2448-3035-4789-B87A-EF12A4686F49}"
EndProject
Global
	GlobalSection(SolutionConfigurationPlatforms) = preSolution
		Debug|Any CPU = Debug|Any CPU
		Debug|x64 = Debug|x64
		Debug|x86 = Debug|x86
		Release|Any CPU = Release|Any CPU
		Release|x64 = Release|x64
		Release|x86 = Release|x86
	EndGlobalSection
	GlobalSection(SolutionProperties) = preSolution
		HideSolutionNode = FALSE
	EndGlobalSection
	GlobalSection(ProjectConfigurationPlatforms) = postSolution
		{A96B2D15-E93F-4FE1-AE40-8F33137D01C2}.Debug|Any CPU.ActiveCfg = Debug|Any CPU
		{A96B2D15-E93F-4FE1-AE40-8F33137D01C2}.Debug|Any CPU.Build.0 = Debug|Any CPU
		{A96B2D15-E93F-4FE1-AE40-8F33137D01C2}.Debug|x64.ActiveCfg = Debug|Any CPU
		{A96B2D15-E93F-4FE1-AE40-8F33137D01C2}.Debug|x64.Build.0 = Debug|Any CPU
		{A96B2D15-E93F-4FE1-AE40-8F33137D01C2}.Debug|x86.ActiveCfg = Debug|Any CPU
		{A96B2D15-E93F-4FE1-AE40-8F33137D01C2}.Debug|x86.Build.0 = Debug|Any CPU
		{A96B2D15-E93F-4FE1-AE40-8F33137D01C2}.Release|Any CPU.ActiveCfg = Release|Any CPU
		{A96B2D15-E93F-4FE1-AE40-8F33137D01C2}.Release|Any CPU.Build.0 = Release|Any CPU
		{A96B2D15-E93F-4FE1-AE40-8F33137D01C2}.Release|x64.ActiveCfg = Release|Any CPU
		{A96B2D15-E93F-4FE1-AE40-8F33137D01C2}.Release|x64.Build.0 = Release|Any CPU
		{A96B2D15-E93F-4FE1-AE40-8F33137D01C2}.Release|x86.ActiveCfg = Release|Any CPU
		{A96B2D15-E93F-4FE1-AE40-8F33137D01C2}.Release|x86.Build.0 = Release|Any CPU
		{AE2FABD2-A817-4A44-86DB-1BAE9DA3F2D6}.Debug|Any CPU.ActiveCfg = Debug|Any CPU
		{AE2FABD2-A817-4A44-86DB-1BAE9DA3F2D6}.Debug|Any CPU.Build.0 = Debug|Any CPU
		{AE2FABD2-A817-4A44-86DB-1BAE9DA3F2D6}.Debug|x64.ActiveCfg = Debug|Any CPU
		{AE2FABD2-A817-4A44-86DB-1BAE9DA3F2D6}.Debug|x64.Build.0 = Debug|Any CPU
		{AE2FABD2-A817-4A44-86DB-1BAE9DA3F2D6}.Debug|x86.ActiveCfg = Debug|Any CPU
		{AE2FABD2-A817-4A44-86DB-1BAE9DA3F2D6}.Debug|x86.Build.0 = Debug|Any CPU
		{AE2FABD2-A817-4A44-86DB-1BAE9DA3F2D6}.Release|Any CPU.ActiveCfg = Release|Any CPU
		{AE2FABD2-A817-4A44-86DB-1BAE9DA3F2D6}.Release|Any CPU.Build.0 = Release|Any CPU
		{AE2FABD2-A817-4A44-86DB-1BAE9DA3F2D6}.Release|x64.ActiveCfg = Release|Any CPU
		{AE2FABD2-A817-4A44-86DB-1BAE9DA3F2D6}.Release|x64.Build.0 = Release|Any CPU
		{AE2FABD2-A817-4A44-86DB-1BAE9DA3F2D6}.Release|x86.ActiveCfg = Release|Any CPU
		{AE2FABD2-A817-4A44-86DB-1BAE9DA3F2D6}.Release|x86.Build.0 = Release|Any CPU
		{A36C2448-3035-4789-B87A-EF12A4686F49}.Debug|Any CPU.ActiveCfg = Debug|Any CPU
		{A36C2448-3035-4789-B87A-EF12A4686F49}.Debug|Any CPU.Build.0 = Debug|Any CPU
		{A36C2448-3035-4789-B87A-EF12A4686F49}.Debug|x64.ActiveCfg = Debug|Any CPU
		{A36C2448-3035-4789-B87A-EF12A4686F49}.Debug|x64.Build.0 = Debug|Any CPU
		{A36C2448-3035-4789-B87A-EF12A4686F49}.Debug|x86.ActiveCfg = Debug|Any CPU
		{A36C2448-3035-4789-B87A-EF12A4686F49}.Debug|x86.Build.0 = Debug|Any CPU
		{A36C2448-3035-4789-B87A-EF12A4686F49}.Release|Any CPU.ActiveCfg = Release|Any CPU
		{A36C2448-3035-4789-B87A-EF12A4686F49}.Release|Any CPU.Build.0 = Release|Any CPU
		{A36C2448-3035-4789-B87A-EF12A4686F49}.Release|x64.ActiveCfg = Release|Any CPU
		{A36C2448-3035-4789-B87A-EF12A4686F49}.Release|x64.Build.0 = Release|Any CPU
		{A36C2448-3035-4789-B87A-EF12A4686F49}.Release|x86.ActiveCfg = Release|Any CPU
		{A36C2448-3035-4789-B87A-EF12A4686F49}.Release|x86.Build.0 = Release|Any CPU
	EndGlobalSection
	GlobalSection(NestedProjects) = preSolution
		{A96B2D15-E93F-4FE1-AE40-8F33137D01C2} = {864DE814-5853-45F8-89D6-BAE641724874}
		{AE2FABD2-A817-4A44-86DB-1BAE9DA3F2D6} = {8BE2D10B-B2F7-42D7-A911-C21E57A7C21E}
		{A36C2448-3035-4789-B87A-EF12A4686F49} = {8BE2D10B-B2F7-42D7-A911-C21E57A7C21E}
	EndGlobalSection
EndGlobal
